
Microsoft Visual Studio Solution File, Format Version 12.00
# Visual Studio Version 17
VisualStudioVersion = 17.4.33122.133
MinimumVisualStudioVersion = 10.0.40219.1
Project("{9A19103F-16F7-4668-BE54-9A1E7A4F7556}") = "OData.API", "OData.API\OData.API.csproj", "{4C12DF99-A9DF-46D1-B85B-3006162C747B}"
EndProject
Project("{FAE04EC0-301F-11D3-BF4B-00C04F79EFBC}") = "ODataConnectedServiceExtensions.Console", "ODataConnectedServiceExtensions.Console\ODataConnectedServiceExtensions.Console.csproj", "{F5DEEE70-FDF1-4675-9CCE-B922E02B051D}"
EndProject
Global
	GlobalSection(SolutionConfigurationPlatforms) = preSolution
		Debug|Any CPU = Debug|Any CPU
		Release|Any CPU = Release|Any CPU
	EndGlobalSection
	GlobalSection(ProjectConfigurationPlatforms) = postSolution
		{4C12DF99-A9DF-46D1-B85B-3006162C747B}.Debug|Any CPU.ActiveCfg = Debug|Any CPU
		{4C12DF99-A9DF-46D1-B85B-3006162C747B}.Debug|Any CPU.Build.0 = Debug|Any CPU
		{4C12DF99-A9DF-46D1-B85B-3006162C747B}.Release|Any CPU.ActiveCfg = Release|Any CPU
		{4C12DF99-A9DF-46D1-B85B-3006162C747B}.Release|Any CPU.Build.0 = Release|Any CPU
		{F5DEEE70-FDF1-4675-9CCE-B922E02B051D}.Debug|Any CPU.ActiveCfg = Debug|Any CPU
		{F5DEEE70-FDF1-4675-9CCE-B922E02B051D}.Debug|Any CPU.Build.0 = Debug|Any CPU
		{F5DEEE70-FDF1-4675-9CCE-B922E02B051D}.Release|Any CPU.ActiveCfg = Release|Any CPU
		{F5DEEE70-FDF1-4675-9CCE-B922E02B051D}.Release|Any CPU.Build.0 = Release|Any CPU
	EndGlobalSection
	GlobalSection(SolutionProperties) = preSolution
		HideSolutionNode = FALSE
	EndGlobalSection
	GlobalSection(ExtensibilityGlobals) = postSolution
		SolutionGuid = {6FDE868B-BBAB-46FD-A471-A3506DA5681A}
	EndGlobalSection
EndGlobal
