
Microsoft Visual Studio Solution File, Format Version 12.00
# Visual Studio Version 17
VisualStudioVersion = 17.4.33122.133
MinimumVisualStudioVersion = 10.0.40219.1
Project("{FAE04EC0-301F-11D3-BF4B-00C04F79EFBC}") = "OData.API", "OData.API\OData.API.csproj", "{4C12DF99-A9DF-46D1-B85B-3006162C747B}"
EndProject
Global
	GlobalSection(SolutionConfigurationPlatforms) = preSolution
		Debug|Any CPU = Debug|Any CPU
		Release|Any CPU = Release|Any CPU
	EndGlobalSection
	GlobalSection(ProjectConfigurationPlatforms) = postSolution
		{4C12DF99-A9DF-46D1-B85B-3006162C747B}.Debug|Any CPU.ActiveCfg = Debug|Any CPU
		{4C12DF99-A9DF-46D1-B85B-3006162C747B}.Debug|Any CPU.Build.0 = Debug|Any CPU
		{4C12DF99-A9DF-46D1-B85B-3006162C747B}.Release|Any CPU.ActiveCfg = Release|Any CPU
		{4C12DF99-A9DF-46D1-B85B-3006162C747B}.Release|Any CPU.Build.0 = Release|Any CPU
	EndGlobalSection
	GlobalSection(SolutionProperties) = preSolution
		HideSolutionNode = FALSE
	EndGlobalSection
	GlobalSection(ExtensibilityGlobals) = postSolution
		SolutionGuid = {6FDE868B-BBAB-46FD-A471-A3506DA5681A}
	EndGlobalSection
EndGlobal
